
Microsoft Visual Studio Solution File, Format Version 12.00
# Visual Studio Version 17
VisualStudioVersion = 17.10.35027.167
MinimumVisualStudioVersion = 10.0.40219.1
Project("{9A19103F-16F7-4668-BE54-9A1E7A4F7556}") = "Task2.Services", "Task2\Task2.Services.csproj", "{A350EF43-33C1-45FD-826D-C32DB35B5C50}"
EndProject
Project("{9A19103F-16F7-4668-BE54-9A1E7A4F7556}") = "Task2.Domain", "Task2.Domain\Task2.Domain.csproj", "{837EE27E-E812-43DB-840D-BCB9611501F6}"
EndProject
Project("{9A19103F-16F7-4668-BE54-9A1E7A4F7556}") = "Task2.Infrastructure", "Task2.IInfrastructure\Task2.Infrastructure.csproj", "{05233FFA-8D78-419D-BC65-B4CDC8074EEB}"
EndProject
Project("{9A19103F-16F7-4668-BE54-9A1E7A4F7556}") = "Task2.Application", "Task2.Application\Task2.Application.csproj", "{05A64CF0-FB04-4863-A16F-A9E60DC0E0BC}"
EndProject
Global
	GlobalSection(SolutionConfigurationPlatforms) = preSolution
		Debug|Any CPU = Debug|Any CPU
		Release|Any CPU = Release|Any CPU
	EndGlobalSection
	GlobalSection(ProjectConfigurationPlatforms) = postSolution
		{A350EF43-33C1-45FD-826D-C32DB35B5C50}.Debug|Any CPU.ActiveCfg = Debug|Any CPU
		{A350EF43-33C1-45FD-826D-C32DB35B5C50}.Debug|Any CPU.Build.0 = Debug|Any CPU
		{A350EF43-33C1-45FD-826D-C32DB35B5C50}.Release|Any CPU.ActiveCfg = Release|Any CPU
		{A350EF43-33C1-45FD-826D-C32DB35B5C50}.Release|Any CPU.Build.0 = Release|Any CPU
		{837EE27E-E812-43DB-840D-BCB9611501F6}.Debug|Any CPU.ActiveCfg = Debug|Any CPU
		{837EE27E-E812-43DB-840D-BCB9611501F6}.Debug|Any CPU.Build.0 = Debug|Any CPU
		{837EE27E-E812-43DB-840D-BCB9611501F6}.Release|Any CPU.ActiveCfg = Release|Any CPU
		{837EE27E-E812-43DB-840D-BCB9611501F6}.Release|Any CPU.Build.0 = Release|Any CPU
		{05233FFA-8D78-419D-BC65-B4CDC8074EEB}.Debug|Any CPU.ActiveCfg = Debug|Any CPU
		{05233FFA-8D78-419D-BC65-B4CDC8074EEB}.Debug|Any CPU.Build.0 = Debug|Any CPU
		{05233FFA-8D78-419D-BC65-B4CDC8074EEB}.Release|Any CPU.ActiveCfg = Release|Any CPU
		{05233FFA-8D78-419D-BC65-B4CDC8074EEB}.Release|Any CPU.Build.0 = Release|Any CPU
		{05A64CF0-FB04-4863-A16F-A9E60DC0E0BC}.Debug|Any CPU.ActiveCfg = Debug|Any CPU
		{05A64CF0-FB04-4863-A16F-A9E60DC0E0BC}.Debug|Any CPU.Build.0 = Debug|Any CPU
		{05A64CF0-FB04-4863-A16F-A9E60DC0E0BC}.Release|Any CPU.ActiveCfg = Release|Any CPU
		{05A64CF0-FB04-4863-A16F-A9E60DC0E0BC}.Release|Any CPU.Build.0 = Release|Any CPU
	EndGlobalSection
	GlobalSection(SolutionProperties) = preSolution
		HideSolutionNode = FALSE
	EndGlobalSection
	GlobalSection(ExtensibilityGlobals) = postSolution
		SolutionGuid = {86491D9D-916E-4E97-952F-BDABA6A9F4D5}
	EndGlobalSection
EndGlobal
